// !$*UTF8*$!
{
	archiveVersion = 1;
	classes = {
	};
	objectVersion = 56;
	objects = {

/* Begin PBXBuildFile section */
		100F6C8A2C4D9C7400BF50D1 /* PedometerApp.swift in Sources */ = {isa = PBXBuildFile; fileRef = 100F6C892C4D9C7400BF50D1 /* PedometerApp.swift */; };
		100F6C8C2C4D9C7400BF50D1 /* ContentView.swift in Sources */ = {isa = PBXBuildFile; fileRef = 100F6C8B2C4D9C7400BF50D1 /* ContentView.swift */; };
		100F6C8E2C4D9C7500BF50D1 /* Assets.xcassets in Resources */ = {isa = PBXBuildFile; fileRef = 100F6C8D2C4D9C7500BF50D1 /* Assets.xcassets */; };
		100F6C912C4D9C7500BF50D1 /* Preview Assets.xcassets in Resources */ = {isa = PBXBuildFile; fileRef = 100F6C902C4D9C7500BF50D1 /* Preview Assets.xcassets */; };
		106AC25B2C4DAD2A00F5EAEA /* PedometerViewModel.swift in Sources */ = {isa = PBXBuildFile; fileRef = 106AC25A2C4DAD2A00F5EAEA /* PedometerViewModel.swift */; };
		106AC2AC2C4EBE5A00F5EAEA /* PedometerModel.swift in Sources */ = {isa = PBXBuildFile; fileRef = 106AC2AB2C4EBE5A00F5EAEA /* PedometerModel.swift */; };
		106AC2AE2C4EC51900F5EAEA /* ReminderView.swift in Sources */ = {isa = PBXBuildFile; fileRef = 106AC2AD2C4EC51900F5EAEA /* ReminderView.swift */; };
		106AC2B62C4ECB1200F5EAEA /* PedometerTests.swift in Sources */ = {isa = PBXBuildFile; fileRef = 106AC2B52C4ECB1200F5EAEA /* PedometerTests.swift */; };
		106AC2C32C4ECB3100F5EAEA /* PedometerUITests.swift in Sources */ = {isa = PBXBuildFile; fileRef = 106AC2C22C4ECB3100F5EAEA /* PedometerUITests.swift */; };
		106AC2C52C4ECB3100F5EAEA /* PedometerUITestsLaunchTests.swift in Sources */ = {isa = PBXBuildFile; fileRef = 106AC2C42C4ECB3100F5EAEA /* PedometerUITestsLaunchTests.swift */; };
		106AC2CC2C4ED96000F5EAEA /* MockPedometer.swift in Sources */ = {isa = PBXBuildFile; fileRef = 106AC2CB2C4ED96000F5EAEA /* MockPedometer.swift */; };
/* End PBXBuildFile section */

/* Begin PBXContainerItemProxy section */
		106AC2B72C4ECB1200F5EAEA /* PBXContainerItemProxy */ = {
			isa = PBXContainerItemProxy;
			containerPortal = 100F6C7E2C4D9C7400BF50D1 /* Project object */;
			proxyType = 1;
			remoteGlobalIDString = 100F6C852C4D9C7400BF50D1;
			remoteInfo = Pedometer;
		};
		106AC2C62C4ECB3100F5EAEA /* PBXContainerItemProxy */ = {
			isa = PBXContainerItemProxy;
			containerPortal = 100F6C7E2C4D9C7400BF50D1 /* Project object */;
			proxyType = 1;
			remoteGlobalIDString = 100F6C852C4D9C7400BF50D1;
			remoteInfo = Pedometer;
		};
/* End PBXContainerItemProxy section */

/* Begin PBXFileReference section */
		100F6C862C4D9C7400BF50D1 /* Pedometer.app */ = {isa = PBXFileReference; explicitFileType = wrapper.application; includeInIndex = 0; path = Pedometer.app; sourceTree = BUILT_PRODUCTS_DIR; };
		100F6C892C4D9C7400BF50D1 /* PedometerApp.swift */ = {isa = PBXFileReference; lastKnownFileType = sourcecode.swift; path = PedometerApp.swift; sourceTree = "<group>"; };
		100F6C8B2C4D9C7400BF50D1 /* ContentView.swift */ = {isa = PBXFileReference; lastKnownFileType = sourcecode.swift; path = ContentView.swift; sourceTree = "<group>"; };
		100F6C8D2C4D9C7500BF50D1 /* Assets.xcassets */ = {isa = PBXFileReference; lastKnownFileType = folder.assetcatalog; path = Assets.xcassets; sourceTree = "<group>"; };
		100F6C902C4D9C7500BF50D1 /* Preview Assets.xcassets */ = {isa = PBXFileReference; lastKnownFileType = folder.assetcatalog; path = "Preview Assets.xcassets"; sourceTree = "<group>"; };
		106AC25A2C4DAD2A00F5EAEA /* PedometerViewModel.swift */ = {isa = PBXFileReference; lastKnownFileType = sourcecode.swift; path = PedometerViewModel.swift; sourceTree = "<group>"; };
		106AC2AB2C4EBE5A00F5EAEA /* PedometerModel.swift */ = {isa = PBXFileReference; lastKnownFileType = sourcecode.swift; path = PedometerModel.swift; sourceTree = "<group>"; };
		106AC2AD2C4EC51900F5EAEA /* ReminderView.swift */ = {isa = PBXFileReference; lastKnownFileType = sourcecode.swift; path = ReminderView.swift; sourceTree = "<group>"; };
		106AC2B32C4ECB1200F5EAEA /* PedometerTests.xctest */ = {isa = PBXFileReference; explicitFileType = wrapper.cfbundle; includeInIndex = 0; path = PedometerTests.xctest; sourceTree = BUILT_PRODUCTS_DIR; };
		106AC2B52C4ECB1200F5EAEA /* PedometerTests.swift */ = {isa = PBXFileReference; lastKnownFileType = sourcecode.swift; path = PedometerTests.swift; sourceTree = "<group>"; };
		106AC2C02C4ECB3100F5EAEA /* PedometerUITests.xctest */ = {isa = PBXFileReference; explicitFileType = wrapper.cfbundle; includeInIndex = 0; path = PedometerUITests.xctest; sourceTree = BUILT_PRODUCTS_DIR; };
		106AC2C22C4ECB3100F5EAEA /* PedometerUITests.swift */ = {isa = PBXFileReference; lastKnownFileType = sourcecode.swift; path = PedometerUITests.swift; sourceTree = "<group>"; };
		106AC2C42C4ECB3100F5EAEA /* PedometerUITestsLaunchTests.swift */ = {isa = PBXFileReference; lastKnownFileType = sourcecode.swift; path = PedometerUITestsLaunchTests.swift; sourceTree = "<group>"; };
		106AC2CB2C4ED96000F5EAEA /* MockPedometer.swift */ = {isa = PBXFileReference; lastKnownFileType = sourcecode.swift; path = MockPedometer.swift; sourceTree = "<group>"; };
/* End PBXFileReference section */

/* Begin PBXFrameworksBuildPhase section */
		100F6C832C4D9C7400BF50D1 /* Frameworks */ = {
			isa = PBXFrameworksBuildPhase;
			buildActionMask = 2147483647;
			files = (
			);
			runOnlyForDeploymentPostprocessing = 0;
		};
		106AC2B02C4ECB1200F5EAEA /* Frameworks */ = {
			isa = PBXFrameworksBuildPhase;
			buildActionMask = 2147483647;
			files = (
			);
			runOnlyForDeploymentPostprocessing = 0;
		};
		106AC2BD2C4ECB3100F5EAEA /* Frameworks */ = {
			isa = PBXFrameworksBuildPhase;
			buildActionMask = 2147483647;
			files = (
			);
			runOnlyForDeploymentPostprocessing = 0;
		};
/* End PBXFrameworksBuildPhase section */

/* Begin PBXGroup section */
		100F6C7D2C4D9C7400BF50D1 = {
			isa = PBXGroup;
			children = (
				100F6C882C4D9C7400BF50D1 /* Pedometer */,
				106AC2B42C4ECB1200F5EAEA /* PedometerTests */,
				106AC2C12C4ECB3100F5EAEA /* PedometerUITests */,
				100F6C872C4D9C7400BF50D1 /* Products */,
			);
			sourceTree = "<group>";
		};
		100F6C872C4D9C7400BF50D1 /* Products */ = {
			isa = PBXGroup;
			children = (
				100F6C862C4D9C7400BF50D1 /* Pedometer.app */,
				106AC2B32C4ECB1200F5EAEA /* PedometerTests.xctest */,
				106AC2C02C4ECB3100F5EAEA /* PedometerUITests.xctest */,
			);
			name = Products;
			sourceTree = "<group>";
		};
		100F6C882C4D9C7400BF50D1 /* Pedometer */ = {
			isa = PBXGroup;
			children = (
				100F6C892C4D9C7400BF50D1 /* PedometerApp.swift */,
				106AC2AA2C4EBE4700F5EAEA /* Model */,
				106AC28C2C4DF74500F5EAEA /* ViewModel */,
				106AC28B2C4DF73800F5EAEA /* View */,
				100F6C8D2C4D9C7500BF50D1 /* Assets.xcassets */,
				100F6C8F2C4D9C7500BF50D1 /* Preview Content */,
			);
			path = Pedometer;
			sourceTree = "<group>";
		};
		100F6C8F2C4D9C7500BF50D1 /* Preview Content */ = {
			isa = PBXGroup;
			children = (
				100F6C902C4D9C7500BF50D1 /* Preview Assets.xcassets */,
			);
			path = "Preview Content";
			sourceTree = "<group>";
		};
		106AC28B2C4DF73800F5EAEA /* View */ = {
			isa = PBXGroup;
			children = (
				100F6C8B2C4D9C7400BF50D1 /* ContentView.swift */,
				106AC2AD2C4EC51900F5EAEA /* ReminderView.swift */,
			);
			path = View;
			sourceTree = "<group>";
		};
		106AC28C2C4DF74500F5EAEA /* ViewModel */ = {
			isa = PBXGroup;
			children = (
				106AC25A2C4DAD2A00F5EAEA /* PedometerViewModel.swift */,
			);
			path = ViewModel;
			sourceTree = "<group>";
		};
		106AC2AA2C4EBE4700F5EAEA /* Model */ = {
			isa = PBXGroup;
			children = (
				106AC2AB2C4EBE5A00F5EAEA /* PedometerModel.swift */,
			);
			path = Model;
			sourceTree = "<group>";
		};
		106AC2B42C4ECB1200F5EAEA /* PedometerTests */ = {
			isa = PBXGroup;
			children = (
				106AC2B52C4ECB1200F5EAEA /* PedometerTests.swift */,
				106AC2CB2C4ED96000F5EAEA /* MockPedometer.swift */,
			);
			path = PedometerTests;
			sourceTree = "<group>";
		};
		106AC2C12C4ECB3100F5EAEA /* PedometerUITests */ = {
			isa = PBXGroup;
			children = (
				106AC2C22C4ECB3100F5EAEA /* PedometerUITests.swift */,
				106AC2C42C4ECB3100F5EAEA /* PedometerUITestsLaunchTests.swift */,
			);
			path = PedometerUITests;
			sourceTree = "<group>";
		};
/* End PBXGroup section */

/* Begin PBXNativeTarget section */
		100F6C852C4D9C7400BF50D1 /* Pedometer */ = {
			isa = PBXNativeTarget;
			buildConfigurationList = 100F6C942C4D9C7500BF50D1 /* Build configuration list for PBXNativeTarget "Pedometer" */;
			buildPhases = (
				100F6C822C4D9C7400BF50D1 /* Sources */,
				100F6C832C4D9C7400BF50D1 /* Frameworks */,
				100F6C842C4D9C7400BF50D1 /* Resources */,
			);
			buildRules = (
			);
			dependencies = (
			);
			name = Pedometer;
			productName = Pedometer;
			productReference = 100F6C862C4D9C7400BF50D1 /* Pedometer.app */;
			productType = "com.apple.product-type.application";
		};
		106AC2B22C4ECB1200F5EAEA /* PedometerTests */ = {
			isa = PBXNativeTarget;
			buildConfigurationList = 106AC2B92C4ECB1200F5EAEA /* Build configuration list for PBXNativeTarget "PedometerTests" */;
			buildPhases = (
				106AC2AF2C4ECB1200F5EAEA /* Sources */,
				106AC2B02C4ECB1200F5EAEA /* Frameworks */,
				106AC2B12C4ECB1200F5EAEA /* Resources */,
			);
			buildRules = (
			);
			dependencies = (
				106AC2B82C4ECB1200F5EAEA /* PBXTargetDependency */,
			);
			name = PedometerTests;
			productName = PedometerTests;
			productReference = 106AC2B32C4ECB1200F5EAEA /* PedometerTests.xctest */;
			productType = "com.apple.product-type.bundle.unit-test";
		};
		106AC2BF2C4ECB3100F5EAEA /* PedometerUITests */ = {
			isa = PBXNativeTarget;
			buildConfigurationList = 106AC2C82C4ECB3100F5EAEA /* Build configuration list for PBXNativeTarget "PedometerUITests" */;
			buildPhases = (
				106AC2BC2C4ECB3100F5EAEA /* Sources */,
				106AC2BD2C4ECB3100F5EAEA /* Frameworks */,
				106AC2BE2C4ECB3100F5EAEA /* Resources */,
			);
			buildRules = (
			);
			dependencies = (
				106AC2C72C4ECB3100F5EAEA /* PBXTargetDependency */,
			);
			name = PedometerUITests;
			productName = PedometerUITests;
			productReference = 106AC2C02C4ECB3100F5EAEA /* PedometerUITests.xctest */;
			productType = "com.apple.product-type.bundle.ui-testing";
		};
/* End PBXNativeTarget section */

/* Begin PBXProject section */
		100F6C7E2C4D9C7400BF50D1 /* Project object */ = {
			isa = PBXProject;
			attributes = {
				BuildIndependentTargetsInParallel = 1;
				LastSwiftUpdateCheck = 1540;
				LastUpgradeCheck = 1540;
				TargetAttributes = {
					100F6C852C4D9C7400BF50D1 = {
						CreatedOnToolsVersion = 15.4;
					};
					106AC2B22C4ECB1200F5EAEA = {
						CreatedOnToolsVersion = 15.4;
						TestTargetID = 100F6C852C4D9C7400BF50D1;
					};
					106AC2BF2C4ECB3100F5EAEA = {
						CreatedOnToolsVersion = 15.4;
						TestTargetID = 100F6C852C4D9C7400BF50D1;
					};
				};
			};
			buildConfigurationList = 100F6C812C4D9C7400BF50D1 /* Build configuration list for PBXProject "Pedometer" */;
			compatibilityVersion = "Xcode 14.0";
			developmentRegion = en;
			hasScannedForEncodings = 0;
			knownRegions = (
				en,
				Base,
			);
			mainGroup = 100F6C7D2C4D9C7400BF50D1;
			productRefGroup = 100F6C872C4D9C7400BF50D1 /* Products */;
			projectDirPath = "";
			projectRoot = "";
			targets = (
				100F6C852C4D9C7400BF50D1 /* Pedometer */,
				106AC2B22C4ECB1200F5EAEA /* PedometerTests */,
				106AC2BF2C4ECB3100F5EAEA /* PedometerUITests */,
			);
		};
/* End PBXProject section */

/* Begin PBXResourcesBuildPhase section */
		100F6C842C4D9C7400BF50D1 /* Resources */ = {
			isa = PBXResourcesBuildPhase;
			buildActionMask = 2147483647;
			files = (
				100F6C912C4D9C7500BF50D1 /* Preview Assets.xcassets in Resources */,
				100F6C8E2C4D9C7500BF50D1 /* Assets.xcassets in Resources */,
			);
			runOnlyForDeploymentPostprocessing = 0;
		};
		106AC2B12C4ECB1200F5EAEA /* Resources */ = {
			isa = PBXResourcesBuildPhase;
			buildActionMask = 2147483647;
			files = (
			);
			runOnlyForDeploymentPostprocessing = 0;
		};
		106AC2BE2C4ECB3100F5EAEA /* Resources */ = {
			isa = PBXResourcesBuildPhase;
			buildActionMask = 2147483647;
			files = (
			);
			runOnlyForDeploymentPostprocessing = 0;
		};
/* End PBXResourcesBuildPhase section */

/* Begin PBXSourcesBuildPhase section */
		100F6C822C4D9C7400BF50D1 /* Sources */ = {
			isa = PBXSourcesBuildPhase;
			buildActionMask = 2147483647;
			files = (
				100F6C8C2C4D9C7400BF50D1 /* ContentView.swift in Sources */,
				106AC2AE2C4EC51900F5EAEA /* ReminderView.swift in Sources */,
				106AC2AC2C4EBE5A00F5EAEA /* PedometerModel.swift in Sources */,
				106AC25B2C4DAD2A00F5EAEA /* PedometerViewModel.swift in Sources */,
				100F6C8A2C4D9C7400BF50D1 /* PedometerApp.swift in Sources */,
			);
			runOnlyForDeploymentPostprocessing = 0;
		};
		106AC2AF2C4ECB1200F5EAEA /* Sources */ = {
			isa = PBXSourcesBuildPhase;
			buildActionMask = 2147483647;
			files = (
				106AC2B62C4ECB1200F5EAEA /* PedometerTests.swift in Sources */,
				106AC2CC2C4ED96000F5EAEA /* MockPedometer.swift in Sources */,
			);
			runOnlyForDeploymentPostprocessing = 0;
		};
		106AC2BC2C4ECB3100F5EAEA /* Sources */ = {
			isa = PBXSourcesBuildPhase;
			buildActionMask = 2147483647;
			files = (
				106AC2C52C4ECB3100F5EAEA /* PedometerUITestsLaunchTests.swift in Sources */,
				106AC2C32C4ECB3100F5EAEA /* PedometerUITests.swift in Sources */,
			);
			runOnlyForDeploymentPostprocessing = 0;
		};
/* End PBXSourcesBuildPhase section */

/* Begin PBXTargetDependency section */
		106AC2B82C4ECB1200F5EAEA /* PBXTargetDependency */ = {
			isa = PBXTargetDependency;
			target = 100F6C852C4D9C7400BF50D1 /* Pedometer */;
			targetProxy = 106AC2B72C4ECB1200F5EAEA /* PBXContainerItemProxy */;
		};
		106AC2C72C4ECB3100F5EAEA /* PBXTargetDependency */ = {
			isa = PBXTargetDependency;
			target = 100F6C852C4D9C7400BF50D1 /* Pedometer */;
			targetProxy = 106AC2C62C4ECB3100F5EAEA /* PBXContainerItemProxy */;
		};
/* End PBXTargetDependency section */

/* Begin XCBuildConfiguration section */
		100F6C922C4D9C7500BF50D1 /* Debug */ = {
			isa = XCBuildConfiguration;
			buildSettings = {
				ALWAYS_SEARCH_USER_PATHS = NO;
				ASSETCATALOG_COMPILER_GENERATE_SWIFT_ASSET_SYMBOL_EXTENSIONS = YES;
				CLANG_ANALYZER_NONNULL = YES;
				CLANG_ANALYZER_NUMBER_OBJECT_CONVERSION = YES_AGGRESSIVE;
				CLANG_CXX_LANGUAGE_STANDARD = "gnu++20";
				CLANG_ENABLE_MODULES = YES;
				CLANG_ENABLE_OBJC_ARC = YES;
				CLANG_ENABLE_OBJC_WEAK = YES;
				CLANG_WARN_BLOCK_CAPTURE_AUTORELEASING = YES;
				CLANG_WARN_BOOL_CONVERSION = YES;
				CLANG_WARN_COMMA = YES;
				CLANG_WARN_CONSTANT_CONVERSION = YES;
				CLANG_WARN_DEPRECATED_OBJC_IMPLEMENTATIONS = YES;
				CLANG_WARN_DIRECT_OBJC_ISA_USAGE = YES_ERROR;
				CLANG_WARN_DOCUMENTATION_COMMENTS = YES;
				CLANG_WARN_EMPTY_BODY = YES;
				CLANG_WARN_ENUM_CONVERSION = YES;
				CLANG_WARN_INFINITE_RECURSION = YES;
				CLANG_WARN_INT_CONVERSION = YES;
				CLANG_WARN_NON_LITERAL_NULL_CONVERSION = YES;
				CLANG_WARN_OBJC_IMPLICIT_RETAIN_SELF = YES;
				CLANG_WARN_OBJC_LITERAL_CONVERSION = YES;
				CLANG_WARN_OBJC_ROOT_CLASS = YES_ERROR;
				CLANG_WARN_QUOTED_INCLUDE_IN_FRAMEWORK_HEADER = YES;
				CLANG_WARN_RANGE_LOOP_ANALYSIS = YES;
				CLANG_WARN_STRICT_PROTOTYPES = YES;
				CLANG_WARN_SUSPICIOUS_MOVE = YES;
				CLANG_WARN_UNGUARDED_AVAILABILITY = YES_AGGRESSIVE;
				CLANG_WARN_UNREACHABLE_CODE = YES;
				CLANG_WARN__DUPLICATE_METHOD_MATCH = YES;
				COPY_PHASE_STRIP = NO;
				DEBUG_INFORMATION_FORMAT = dwarf;
				ENABLE_STRICT_OBJC_MSGSEND = YES;
				ENABLE_TESTABILITY = YES;
				ENABLE_USER_SCRIPT_SANDBOXING = YES;
				GCC_C_LANGUAGE_STANDARD = gnu17;
				GCC_DYNAMIC_NO_PIC = NO;
				GCC_NO_COMMON_BLOCKS = YES;
				GCC_OPTIMIZATION_LEVEL = 0;
				GCC_PREPROCESSOR_DEFINITIONS = (
					"DEBUG=1",
					"$(inherited)",
				);
				GCC_WARN_64_TO_32_BIT_CONVERSION = YES;
				GCC_WARN_ABOUT_RETURN_TYPE = YES_ERROR;
				GCC_WARN_UNDECLARED_SELECTOR = YES;
				GCC_WARN_UNINITIALIZED_AUTOS = YES_AGGRESSIVE;
				GCC_WARN_UNUSED_FUNCTION = YES;
				GCC_WARN_UNUSED_VARIABLE = YES;
				IPHONEOS_DEPLOYMENT_TARGET = 17.5;
				LOCALIZATION_PREFERS_STRING_CATALOGS = YES;
				MTL_ENABLE_DEBUG_INFO = INCLUDE_SOURCE;
				MTL_FAST_MATH = YES;
				ONLY_ACTIVE_ARCH = YES;
				SDKROOT = iphoneos;
				SWIFT_ACTIVE_COMPILATION_CONDITIONS = "DEBUG $(inherited)";
				SWIFT_OPTIMIZATION_LEVEL = "-Onone";
			};
			name = Debug;
		};
		100F6C932C4D9C7500BF50D1 /* Release */ = {
			isa = XCBuildConfiguration;
			buildSettings = {
				ALWAYS_SEARCH_USER_PATHS = NO;
				ASSETCATALOG_COMPILER_GENERATE_SWIFT_ASSET_SYMBOL_EXTENSIONS = YES;
				CLANG_ANALYZER_NONNULL = YES;
				CLANG_ANALYZER_NUMBER_OBJECT_CONVERSION = YES_AGGRESSIVE;
				CLANG_CXX_LANGUAGE_STANDARD = "gnu++20";
				CLANG_ENABLE_MODULES = YES;
				CLANG_ENABLE_OBJC_ARC = YES;
				CLANG_ENABLE_OBJC_WEAK = YES;
				CLANG_WARN_BLOCK_CAPTURE_AUTORELEASING = YES;
				CLANG_WARN_BOOL_CONVERSION = YES;
				CLANG_WARN_COMMA = YES;
				CLANG_WARN_CONSTANT_CONVERSION = YES;
				CLANG_WARN_DEPRECATED_OBJC_IMPLEMENTATIONS = YES;
				CLANG_WARN_DIRECT_OBJC_ISA_USAGE = YES_ERROR;
				CLANG_WARN_DOCUMENTATION_COMMENTS = YES;
				CLANG_WARN_EMPTY_BODY = YES;
				CLANG_WARN_ENUM_CONVERSION = YES;
				CLANG_WARN_INFINITE_RECURSION = YES;
				CLANG_WARN_INT_CONVERSION = YES;
				CLANG_WARN_NON_LITERAL_NULL_CONVERSION = YES;
				CLANG_WARN_OBJC_IMPLICIT_RETAIN_SELF = YES;
				CLANG_WARN_OBJC_LITERAL_CONVERSION = YES;
				CLANG_WARN_OBJC_ROOT_CLASS = YES_ERROR;
				CLANG_WARN_QUOTED_INCLUDE_IN_FRAMEWORK_HEADER = YES;
				CLANG_WARN_RANGE_LOOP_ANALYSIS = YES;
				CLANG_WARN_STRICT_PROTOTYPES = YES;
				CLANG_WARN_SUSPICIOUS_MOVE = YES;
				CLANG_WARN_UNGUARDED_AVAILABILITY = YES_AGGRESSIVE;
				CLANG_WARN_UNREACHABLE_CODE = YES;
				CLANG_WARN__DUPLICATE_METHOD_MATCH = YES;
				COPY_PHASE_STRIP = NO;
				DEBUG_INFORMATION_FORMAT = "dwarf-with-dsym";
				ENABLE_NS_ASSERTIONS = NO;
				ENABLE_STRICT_OBJC_MSGSEND = YES;
				ENABLE_USER_SCRIPT_SANDBOXING = YES;
				GCC_C_LANGUAGE_STANDARD = gnu17;
				GCC_NO_COMMON_BLOCKS = YES;
				GCC_WARN_64_TO_32_BIT_CONVERSION = YES;
				GCC_WARN_ABOUT_RETURN_TYPE = YES_ERROR;
				GCC_WARN_UNDECLARED_SELECTOR = YES;
				GCC_WARN_UNINITIALIZED_AUTOS = YES_AGGRESSIVE;
				GCC_WARN_UNUSED_FUNCTION = YES;
				GCC_WARN_UNUSED_VARIABLE = YES;
				IPHONEOS_DEPLOYMENT_TARGET = 17.5;
				LOCALIZATION_PREFERS_STRING_CATALOGS = YES;
				MTL_ENABLE_DEBUG_INFO = NO;
				MTL_FAST_MATH = YES;
				SDKROOT = iphoneos;
				SWIFT_COMPILATION_MODE = wholemodule;
				VALIDATE_PRODUCT = YES;
			};
			name = Release;
		};
		100F6C952C4D9C7500BF50D1 /* Debug */ = {
			isa = XCBuildConfiguration;
			buildSettings = {
				ASSETCATALOG_COMPILER_APPICON_NAME = AppIcon;
				ASSETCATALOG_COMPILER_GLOBAL_ACCENT_COLOR_NAME = AccentColor;
				CODE_SIGN_STYLE = Automatic;
				CURRENT_PROJECT_VERSION = 1;
				DEVELOPMENT_ASSET_PATHS = "\"Pedometer/Preview Content\"";
				DEVELOPMENT_TEAM = 73923FA922;
				ENABLE_PREVIEWS = YES;
				GENERATE_INFOPLIST_FILE = YES;
				INFOPLIST_FILE = Pedometer/Info.plist;
				INFOPLIST_KEY_NSLocationAlwaysUsageDescription = "Need location :)";
				INFOPLIST_KEY_NSMotionUsageDescription = "Need motion data to track step count :)";
				INFOPLIST_KEY_UIApplicationSceneManifest_Generation = YES;
				INFOPLIST_KEY_UIApplicationSupportsIndirectInputEvents = YES;
				INFOPLIST_KEY_UILaunchScreen_Generation = YES;
				INFOPLIST_KEY_UISupportedInterfaceOrientations_iPad = "UIInterfaceOrientationPortrait UIInterfaceOrientationPortraitUpsideDown UIInterfaceOrientationLandscapeLeft UIInterfaceOrientationLandscapeRight";
				INFOPLIST_KEY_UISupportedInterfaceOrientations_iPhone = "UIInterfaceOrientationPortrait UIInterfaceOrientationLandscapeLeft UIInterfaceOrientationLandscapeRight";
				LD_RUNPATH_SEARCH_PATHS = (
					"$(inherited)",
					"@executable_path/Frameworks",
				);
				MARKETING_VERSION = 1.0;
				PRODUCT_BUNDLE_IDENTIFIER = co.gaurav.Pedometer;
				PRODUCT_NAME = "$(TARGET_NAME)";
				SWIFT_EMIT_LOC_STRINGS = YES;
				SWIFT_VERSION = 5.0;
				TARGETED_DEVICE_FAMILY = "1,2";
			};
			name = Debug;
		};
		100F6C962C4D9C7500BF50D1 /* Release */ = {
			isa = XCBuildConfiguration;
			buildSettings = {
				ASSETCATALOG_COMPILER_APPICON_NAME = AppIcon;
				ASSETCATALOG_COMPILER_GLOBAL_ACCENT_COLOR_NAME = AccentColor;
				CODE_SIGN_STYLE = Automatic;
				CURRENT_PROJECT_VERSION = 1;
				DEVELOPMENT_ASSET_PATHS = "\"Pedometer/Preview Content\"";
				DEVELOPMENT_TEAM = 73923FA922;
				ENABLE_PREVIEWS = YES;
				GENERATE_INFOPLIST_FILE = YES;
				INFOPLIST_FILE = Pedometer/Info.plist;
				INFOPLIST_KEY_NSLocationAlwaysUsageDescription = "Need location :)";
				INFOPLIST_KEY_NSMotionUsageDescription = "Need motion data to track step count :)";
				INFOPLIST_KEY_UIApplicationSceneManifest_Generation = YES;
				INFOPLIST_KEY_UIApplicationSupportsIndirectInputEvents = YES;
				INFOPLIST_KEY_UILaunchScreen_Generation = YES;
				INFOPLIST_KEY_UISupportedInterfaceOrientations_iPad = "UIInterfaceOrientationPortrait UIInterfaceOrientationPortraitUpsideDown UIInterfaceOrientationLandscapeLeft UIInterfaceOrientationLandscapeRight";
				INFOPLIST_KEY_UISupportedInterfaceOrientations_iPhone = "UIInterfaceOrientationPortrait UIInterfaceOrientationLandscapeLeft UIInterfaceOrientationLandscapeRight";
				LD_RUNPATH_SEARCH_PATHS = (
					"$(inherited)",
					"@executable_path/Frameworks",
				);
				MARKETING_VERSION = 1.0;
				PRODUCT_BUNDLE_IDENTIFIER = co.gaurav.Pedometer;
				PRODUCT_NAME = "$(TARGET_NAME)";
				SWIFT_EMIT_LOC_STRINGS = YES;
				SWIFT_VERSION = 5.0;
				TARGETED_DEVICE_FAMILY = "1,2";
			};
			name = Release;
		};
		106AC2BA2C4ECB1200F5EAEA /* Debug */ = {
			isa = XCBuildConfiguration;
			buildSettings = {
				BUNDLE_LOADER = "$(TEST_HOST)";
				CODE_SIGN_STYLE = Automatic;
				CURRENT_PROJECT_VERSION = 1;
				DEVELOPMENT_TEAM = 73923FA922;
				GENERATE_INFOPLIST_FILE = YES;
				MARKETING_VERSION = 1.0;
				PRODUCT_BUNDLE_IDENTIFIER = co.gaurav.PedometerTests;
				PRODUCT_NAME = "$(TARGET_NAME)";
				SWIFT_EMIT_LOC_STRINGS = NO;
				SWIFT_VERSION = 5.0;
				TARGETED_DEVICE_FAMILY = "1,2";
				TEST_HOST = "$(BUILT_PRODUCTS_DIR)/Pedometer.app/$(BUNDLE_EXECUTABLE_FOLDER_PATH)/Pedometer";
			};
			name = Debug;
		};
		106AC2BB2C4ECB1200F5EAEA /* Release */ = {
			isa = XCBuildConfiguration;
			buildSettings = {
				BUNDLE_LOADER = "$(TEST_HOST)";
				CODE_SIGN_STYLE = Automatic;
				CURRENT_PROJECT_VERSION = 1;
				DEVELOPMENT_TEAM = 73923FA922;
				GENERATE_INFOPLIST_FILE = YES;
				MARKETING_VERSION = 1.0;
				PRODUCT_BUNDLE_IDENTIFIER = co.gaurav.PedometerTests;
				PRODUCT_NAME = "$(TARGET_NAME)";
				SWIFT_EMIT_LOC_STRINGS = NO;
				SWIFT_VERSION = 5.0;
				TARGETED_DEVICE_FAMILY = "1,2";
				TEST_HOST = "$(BUILT_PRODUCTS_DIR)/Pedometer.app/$(BUNDLE_EXECUTABLE_FOLDER_PATH)/Pedometer";
			};
			name = Release;
		};
		106AC2C92C4ECB3100F5EAEA /* Debug */ = {
			isa = XCBuildConfiguration;
			buildSettings = {
				CODE_SIGN_STYLE = Automatic;
				CURRENT_PROJECT_VERSION = 1;
				DEVELOPMENT_TEAM = 73923FA922;
				GENERATE_INFOPLIST_FILE = YES;
				MARKETING_VERSION = 1.0;
				PRODUCT_BUNDLE_IDENTIFIER = co.gaurav.PedometerUITests;
				PRODUCT_NAME = "$(TARGET_NAME)";
				SWIFT_EMIT_LOC_STRINGS = NO;
				SWIFT_VERSION = 5.0;
				TARGETED_DEVICE_FAMILY = "1,2";
				TEST_TARGET_NAME = Pedometer;
			};
			name = Debug;
		};
		106AC2CA2C4ECB3100F5EAEA /* Release */ = {
			isa = XCBuildConfiguration;
			buildSettings = {
				CODE_SIGN_STYLE = Automatic;
				CURRENT_PROJECT_VERSION = 1;
				DEVELOPMENT_TEAM = 73923FA922;
				GENERATE_INFOPLIST_FILE = YES;
				MARKETING_VERSION = 1.0;
				PRODUCT_BUNDLE_IDENTIFIER = co.gaurav.PedometerUITests;
				PRODUCT_NAME = "$(TARGET_NAME)";
				SWIFT_EMIT_LOC_STRINGS = NO;
				SWIFT_VERSION = 5.0;
				TARGETED_DEVICE_FAMILY = "1,2";
				TEST_TARGET_NAME = Pedometer;
			};
			name = Release;
		};
/* End XCBuildConfiguration section */

/* Begin XCConfigurationList section */
		100F6C812C4D9C7400BF50D1 /* Build configuration list for PBXProject "Pedometer" */ = {
			isa = XCConfigurationList;
			buildConfigurations = (
				100F6C922C4D9C7500BF50D1 /* Debug */,
				100F6C932C4D9C7500BF50D1 /* Release */,
			);
			defaultConfigurationIsVisible = 0;
			defaultConfigurationName = Release;
		};
		100F6C942C4D9C7500BF50D1 /* Build configuration list for PBXNativeTarget "Pedometer" */ = {
			isa = XCConfigurationList;
			buildConfigurations = (
				100F6C952C4D9C7500BF50D1 /* Debug */,
				100F6C962C4D9C7500BF50D1 /* Release */,
			);
			defaultConfigurationIsVisible = 0;
			defaultConfigurationName = Release;
		};
		106AC2B92C4ECB1200F5EAEA /* Build configuration list for PBXNativeTarget "PedometerTests" */ = {
			isa = XCConfigurationList;
			buildConfigurations = (
				106AC2BA2C4ECB1200F5EAEA /* Debug */,
				106AC2BB2C4ECB1200F5EAEA /* Release */,
			);
			defaultConfigurationIsVisible = 0;
			defaultConfigurationName = Release;
		};
		106AC2C82C4ECB3100F5EAEA /* Build configuration list for PBXNativeTarget "PedometerUITests" */ = {
			isa = XCConfigurationList;
			buildConfigurations = (
				106AC2C92C4ECB3100F5EAEA /* Debug */,
				106AC2CA2C4ECB3100F5EAEA /* Release */,
			);
			defaultConfigurationIsVisible = 0;
			defaultConfigurationName = Release;
		};
/* End XCConfigurationList section */
	};
	rootObject = 100F6C7E2C4D9C7400BF50D1 /* Project object */;
}
